{
  "name": "heatmap",
  "lockfileVersion": 3,
  "requires": true,
  "packages": {
    "": {
      "dependencies": {
        "dbscanjs": "^1.0.1"
      }
    },
    "node_modules/dbscanjs": {
      "version": "1.0.1",
      "resolved": "https://registry.npmmirror.com/dbscanjs/-/dbscanjs-1.0.1.tgz",
      "integrity": "sha512-GN7e8JZ/tWXlWtXUOKkEcuoux3hIsxsN3birT7tdhlEh5mOBkE5+vNC0CX+IC3cGmSvKSB2x8iE8TIQhgq8v0g=="
    }
  }
}
